
Microsoft Visual Studio Solution File, Format Version 12.00
# Visual Studio 2012
Project("{FAE04EC0-301F-11D3-BF4B-00C04F79EFBC}") = "SuperConfigure.SqlHelper", "SuperConfigure.SqlHelper\SuperConfigure.SqlHelper.csproj", "{173FE5AD-7619-4C6B-820C-67FA2450B135}"
EndProject
Project("{FAE04EC0-301F-11D3-BF4B-00C04F79EFBC}") = "SuperConfigure.Test", "SuperConfigure.Test\SuperConfigure.Test.csproj", "{C33A52CA-1478-44DD-B437-21A961338941}"
EndProject
Project("{FAE04EC0-301F-11D3-BF4B-00C04F79EFBC}") = "SuperConfigure.Common", "SuperConfigure.Common\SuperConfigure.Common.csproj", "{B7C0F40C-9E20-403B-B7F7-B6A6DDED6D41}"
EndProject
Global
	GlobalSection(SolutionConfigurationPlatforms) = preSolution
		Debug|Any CPU = Debug|Any CPU
		Release|Any CPU = Release|Any CPU
	EndGlobalSection
	GlobalSection(ProjectConfigurationPlatforms) = postSolution
		{173FE5AD-7619-4C6B-820C-67FA2450B135}.Debug|Any CPU.ActiveCfg = Debug|Any CPU
		{173FE5AD-7619-4C6B-820C-67FA2450B135}.Debug|Any CPU.Build.0 = Debug|Any CPU
		{173FE5AD-7619-4C6B-820C-67FA2450B135}.Release|Any CPU.ActiveCfg = Release|Any CPU
		{173FE5AD-7619-4C6B-820C-67FA2450B135}.Release|Any CPU.Build.0 = Release|Any CPU
		{C33A52CA-1478-44DD-B437-21A961338941}.Debug|Any CPU.ActiveCfg = Debug|Any CPU
		{C33A52CA-1478-44DD-B437-21A961338941}.Debug|Any CPU.Build.0 = Debug|Any CPU
		{C33A52CA-1478-44DD-B437-21A961338941}.Release|Any CPU.ActiveCfg = Release|Any CPU
		{C33A52CA-1478-44DD-B437-21A961338941}.Release|Any CPU.Build.0 = Release|Any CPU
		{B7C0F40C-9E20-403B-B7F7-B6A6DDED6D41}.Debug|Any CPU.ActiveCfg = Debug|Any CPU
		{B7C0F40C-9E20-403B-B7F7-B6A6DDED6D41}.Debug|Any CPU.Build.0 = Debug|Any CPU
		{B7C0F40C-9E20-403B-B7F7-B6A6DDED6D41}.Release|Any CPU.ActiveCfg = Release|Any CPU
		{B7C0F40C-9E20-403B-B7F7-B6A6DDED6D41}.Release|Any CPU.Build.0 = Release|Any CPU
	EndGlobalSection
	GlobalSection(SolutionProperties) = preSolution
		HideSolutionNode = FALSE
	EndGlobalSection
	GlobalSection(ExtensibilityGlobals) = postSolution
		SolutionGuid = {EF8F174E-05A6-4296-9800-EB698F17B4F1}
	EndGlobalSection
EndGlobal
